
Microsoft Visual Studio Solution File, Format Version 12.00
# Visual Studio Version 17
VisualStudioVersion = 17.4.33213.308
MinimumVisualStudioVersion = 10.0.40219.1
Project("{FAE04EC0-301F-11D3-BF4B-00C04F79EFBC}") = "PatientWeb", "PatientWeb\PatientWeb.csproj", "{B53634FA-F130-48B6-A2EB-BA4F55A74310}"
EndProject
Global
	GlobalSection(SolutionConfigurationPlatforms) = preSolution
		Debug|Any CPU = Debug|Any CPU
		Release|Any CPU = Release|Any CPU
	EndGlobalSection
	GlobalSection(ProjectConfigurationPlatforms) = postSolution
		{B53634FA-F130-48B6-A2EB-BA4F55A74310}.Debug|Any CPU.ActiveCfg = Debug|Any CPU
		{B53634FA-F130-48B6-A2EB-BA4F55A74310}.Debug|Any CPU.Build.0 = Debug|Any CPU
		{B53634FA-F130-48B6-A2EB-BA4F55A74310}.Release|Any CPU.ActiveCfg = Release|Any CPU
		{B53634FA-F130-48B6-A2EB-BA4F55A74310}.Release|Any CPU.Build.0 = Release|Any CPU
	EndGlobalSection
	GlobalSection(SolutionProperties) = preSolution
		HideSolutionNode = FALSE
	EndGlobalSection
	GlobalSection(ExtensibilityGlobals) = postSolution
		SolutionGuid = {5990FD25-D7AD-4BAA-B899-01F1A88CFCDE}
	EndGlobalSection
EndGlobal
